
Microsoft Visual Studio Solution File, Format Version 12.00
# Visual Studio Version 16
VisualStudioVersion = 16.0.29230.47
MinimumVisualStudioVersion = 10.0.40219.1
Project("{FAE04EC0-301F-11D3-BF4B-00C04F79EFBC}") = "Check_Number_With_Switch", "Check_Number_With_Switch\Check_Number_With_Switch.csproj", "{4D102394-6DED-4250-A084-28019F717AF2}"
EndProject
Global
	GlobalSection(SolutionConfigurationPlatforms) = preSolution
		Debug|Any CPU = Debug|Any CPU
		Release|Any CPU = Release|Any CPU
	EndGlobalSection
	GlobalSection(ProjectConfigurationPlatforms) = postSolution
		{4D102394-6DED-4250-A084-28019F717AF2}.Debug|Any CPU.ActiveCfg = Debug|Any CPU
		{4D102394-6DED-4250-A084-28019F717AF2}.Debug|Any CPU.Build.0 = Debug|Any CPU
		{4D102394-6DED-4250-A084-28019F717AF2}.Release|Any CPU.ActiveCfg = Release|Any CPU
		{4D102394-6DED-4250-A084-28019F717AF2}.Release|Any CPU.Build.0 = Release|Any CPU
	EndGlobalSection
	GlobalSection(SolutionProperties) = preSolution
		HideSolutionNode = FALSE
	EndGlobalSection
	GlobalSection(ExtensibilityGlobals) = postSolution
		SolutionGuid = {49D6D033-6BB6-48AE-9213-C49D2290E0B3}
	EndGlobalSection
EndGlobal
